
Microsoft Visual Studio Solution File, Format Version 12.00
# Visual Studio 2013
VisualStudioVersion = 12.0.21005.1
MinimumVisualStudioVersion = 10.0.40219.1
Project("{8BC9CEB8-8B4A-11D0-8D11-00A0C91BC942}") = "Car Dealership", "Car Dealership\Car Dealership.vcxproj", "{997BF9E9-0B46-410B-ADC6-7753E61EAEF3}"
EndProject
Project("{8BC9CEB8-8B4A-11D0-8D11-00A0C91BC942}") = "UnitTest", "UnitTest\UnitTest.vcxproj", "{33355320-7890-4420-9E21-84D89B4C33BC}"
EndProject
Project("{8BC9CEB8-8B4A-11D0-8D11-00A0C91BC942}") = "RDBMS", "RDBMS\RDBMS.vcxproj", "{A8430887-B6DA-4F8C-918F-EDFA43B6050A}"
EndProject
Global
	GlobalSection(SolutionConfigurationPlatforms) = preSolution
		Debug|Win32 = Debug|Win32
		Release|Win32 = Release|Win32
	EndGlobalSection
	GlobalSection(ProjectConfigurationPlatforms) = postSolution
		{997BF9E9-0B46-410B-ADC6-7753E61EAEF3}.Debug|Win32.ActiveCfg = Debug|Win32
		{997BF9E9-0B46-410B-ADC6-7753E61EAEF3}.Debug|Win32.Build.0 = Debug|Win32
		{997BF9E9-0B46-410B-ADC6-7753E61EAEF3}.Release|Win32.ActiveCfg = Release|Win32
		{997BF9E9-0B46-410B-ADC6-7753E61EAEF3}.Release|Win32.Build.0 = Release|Win32
		{33355320-7890-4420-9E21-84D89B4C33BC}.Debug|Win32.ActiveCfg = Debug|Win32
		{33355320-7890-4420-9E21-84D89B4C33BC}.Debug|Win32.Build.0 = Debug|Win32
		{33355320-7890-4420-9E21-84D89B4C33BC}.Release|Win32.ActiveCfg = Release|Win32
		{33355320-7890-4420-9E21-84D89B4C33BC}.Release|Win32.Build.0 = Release|Win32
		{A8430887-B6DA-4F8C-918F-EDFA43B6050A}.Debug|Win32.ActiveCfg = Debug|Win32
		{A8430887-B6DA-4F8C-918F-EDFA43B6050A}.Debug|Win32.Build.0 = Debug|Win32
		{A8430887-B6DA-4F8C-918F-EDFA43B6050A}.Release|Win32.ActiveCfg = Release|Win32
		{A8430887-B6DA-4F8C-918F-EDFA43B6050A}.Release|Win32.Build.0 = Release|Win32
	EndGlobalSection
	GlobalSection(SolutionProperties) = preSolution
		HideSolutionNode = FALSE
	EndGlobalSection
EndGlobal
